// !$*UTF8*$!
{
	archiveVersion = 1;
	classes = {
	};
	objectVersion = 55;
	objects = {

/* Begin PBXBuildFile section */
		17FDE0A95C8E365B6BF2F33E /* Pods_Maps.framework in Frameworks */ = {isa = PBXBuildFile; fileRef = 8306AE79BA9BA905CF760B39 /* Pods_Maps.framework */; };
		20410221271C03FA00254AB8 /* BaseRouter.swift in Sources */ = {isa = PBXBuildFile; fileRef = 20410220271C03FA00254AB8 /* BaseRouter.swift */; };
		20410223271C045400254AB8 /* UIWindow+keyWindow.swift in Sources */ = {isa = PBXBuildFile; fileRef = 20410222271C045400254AB8 /* UIWindow+keyWindow.swift */; };
		20410225271C048500254AB8 /* BaseCoordinator.swift in Sources */ = {isa = PBXBuildFile; fileRef = 20410224271C048500254AB8 /* BaseCoordinator.swift */; };
		2041022A271C050B00254AB8 /* MenuViewController.swift in Sources */ = {isa = PBXBuildFile; fileRef = 20410229271C050B00254AB8 /* MenuViewController.swift */; };
		2041022C271C053C00254AB8 /* UserManager.swift in Sources */ = {isa = PBXBuildFile; fileRef = 2041022B271C053C00254AB8 /* UserManager.swift */; };
		20410230271C05E200254AB8 /* Auth.storyboard in Resources */ = {isa = PBXBuildFile; fileRef = 2041022F271C05E200254AB8 /* Auth.storyboard */; };
		20410232271C05F500254AB8 /* AuthViewController.swift in Sources */ = {isa = PBXBuildFile; fileRef = 20410231271C05F500254AB8 /* AuthViewController.swift */; };
		20410234271C063900254AB8 /* UIStoryboard+Instantiate.swift in Sources */ = {isa = PBXBuildFile; fileRef = 20410233271C063900254AB8 /* UIStoryboard+Instantiate.swift */; };
		20410236271C068600254AB8 /* RecoverViewController.swift in Sources */ = {isa = PBXBuildFile; fileRef = 20410235271C068600254AB8 /* RecoverViewController.swift */; };
		2063C6DF27148A5700F300A3 /* LocationDataObjectRealm.swift in Sources */ = {isa = PBXBuildFile; fileRef = 2063C6DE27148A5700F300A3 /* LocationDataObjectRealm.swift */; };
		2063C6E127148B0400F300A3 /* DataBaseLocationProtocol.swift in Sources */ = {isa = PBXBuildFile; fileRef = 2063C6E027148B0400F300A3 /* DataBaseLocationProtocol.swift */; };
		2063C6E327148CAD00F300A3 /* RealmDataBase.swift in Sources */ = {isa = PBXBuildFile; fileRef = 2063C6E227148CAD00F300A3 /* RealmDataBase.swift */; };
		20943C0E270DE6EC003AA81A /* map-style.json in Resources */ = {isa = PBXBuildFile; fileRef = 20943C0D270DE6EC003AA81A /* map-style.json */; };
		20999FF2271D814B008CEE3C /* RegistrationViewController.swift in Sources */ = {isa = PBXBuildFile; fileRef = 20999FF1271D814B008CEE3C /* RegistrationViewController.swift */; };
		20999FF427215CC8008CEE3C /* UIViev+blure.swift in Sources */ = {isa = PBXBuildFile; fileRef = 20999FF327215CC8008CEE3C /* UIViev+blure.swift */; };
		20999FF62722B971008CEE3C /* LocationManager.swift in Sources */ = {isa = PBXBuildFile; fileRef = 20999FF52722B971008CEE3C /* LocationManager.swift */; };
		20E80A6E270DCF9C002ACBBD /* AppDelegate.swift in Sources */ = {isa = PBXBuildFile; fileRef = 20E80A6D270DCF9C002ACBBD /* AppDelegate.swift */; };
		20E80A70270DCF9C002ACBBD /* SceneDelegate.swift in Sources */ = {isa = PBXBuildFile; fileRef = 20E80A6F270DCF9C002ACBBD /* SceneDelegate.swift */; };
		20E80A72270DCF9C002ACBBD /* MapViewController.swift in Sources */ = {isa = PBXBuildFile; fileRef = 20E80A71270DCF9C002ACBBD /* MapViewController.swift */; };
		20E80A75270DCF9C002ACBBD /* Main.storyboard in Resources */ = {isa = PBXBuildFile; fileRef = 20E80A73270DCF9C002ACBBD /* Main.storyboard */; };
		20E80A77270DCF9C002ACBBD /* Assets.xcassets in Resources */ = {isa = PBXBuildFile; fileRef = 20E80A76270DCF9C002ACBBD /* Assets.xcassets */; };
		20E80A7A270DCF9C002ACBBD /* LaunchScreen.storyboard in Resources */ = {isa = PBXBuildFile; fileRef = 20E80A78270DCF9C002ACBBD /* LaunchScreen.storyboard */; };
		20ED4628271C0AD7002AF2B0 /* AppCoordinator.swift in Sources */ = {isa = PBXBuildFile; fileRef = 20ED4627271C0AD7002AF2B0 /* AppCoordinator.swift */; };
		20ED462A271C0B00002AF2B0 /* MainCoordinator.swift in Sources */ = {isa = PBXBuildFile; fileRef = 20ED4629271C0B00002AF2B0 /* MainCoordinator.swift */; };
		20ED462C271C0B47002AF2B0 /* AuthCoordinator.swift in Sources */ = {isa = PBXBuildFile; fileRef = 20ED462B271C0B47002AF2B0 /* AuthCoordinator.swift */; };
		20ED462E271C435E002AF2B0 /* UserObjectRealm.swift in Sources */ = {isa = PBXBuildFile; fileRef = 20ED462D271C435E002AF2B0 /* UserObjectRealm.swift */; };
		20ED4630271C442D002AF2B0 /* DataBaseAuthProtocol.swift in Sources */ = {isa = PBXBuildFile; fileRef = 20ED462F271C442D002AF2B0 /* DataBaseAuthProtocol.swift */; };
		20ED4632271C4465002AF2B0 /* User.swift in Sources */ = {isa = PBXBuildFile; fileRef = 20ED4631271C4465002AF2B0 /* User.swift */; };
		20F1E8AD27255E0D006CB83A /* OSLogger.swift in Sources */ = {isa = PBXBuildFile; fileRef = 20F1E8AC27255E0D006CB83A /* OSLogger.swift */; };
/* End PBXBuildFile section */

/* Begin PBXFileReference section */
		12B74A8A4FD075E854965C8E /* Pods-Maps.debug.xcconfig */ = {isa = PBXFileReference; includeInIndex = 1; lastKnownFileType = text.xcconfig; name = "Pods-Maps.debug.xcconfig"; path = "Target Support Files/Pods-Maps/Pods-Maps.debug.xcconfig"; sourceTree = "<group>"; };
		20410220271C03FA00254AB8 /* BaseRouter.swift */ = {isa = PBXFileReference; lastKnownFileType = sourcecode.swift; path = BaseRouter.swift; sourceTree = "<group>"; };
		20410222271C045400254AB8 /* UIWindow+keyWindow.swift */ = {isa = PBXFileReference; lastKnownFileType = sourcecode.swift; path = "UIWindow+keyWindow.swift"; sourceTree = "<group>"; };
		20410224271C048500254AB8 /* BaseCoordinator.swift */ = {isa = PBXFileReference; lastKnownFileType = sourcecode.swift; path = BaseCoordinator.swift; sourceTree = "<group>"; };
		20410229271C050B00254AB8 /* MenuViewController.swift */ = {isa = PBXFileReference; lastKnownFileType = sourcecode.swift; path = MenuViewController.swift; sourceTree = "<group>"; };
		2041022B271C053C00254AB8 /* UserManager.swift */ = {isa = PBXFileReference; lastKnownFileType = sourcecode.swift; path = UserManager.swift; sourceTree = "<group>"; };
		2041022F271C05E200254AB8 /* Auth.storyboard */ = {isa = PBXFileReference; lastKnownFileType = file.storyboard; path = Auth.storyboard; sourceTree = "<group>"; };
		20410231271C05F500254AB8 /* AuthViewController.swift */ = {isa = PBXFileReference; lastKnownFileType = sourcecode.swift; path = AuthViewController.swift; sourceTree = "<group>"; };
		20410233271C063900254AB8 /* UIStoryboard+Instantiate.swift */ = {isa = PBXFileReference; lastKnownFileType = sourcecode.swift; path = "UIStoryboard+Instantiate.swift"; sourceTree = "<group>"; };
		20410235271C068600254AB8 /* RecoverViewController.swift */ = {isa = PBXFileReference; lastKnownFileType = sourcecode.swift; path = RecoverViewController.swift; sourceTree = "<group>"; };
		2063C6DE27148A5700F300A3 /* LocationDataObjectRealm.swift */ = {isa = PBXFileReference; lastKnownFileType = sourcecode.swift; path = LocationDataObjectRealm.swift; sourceTree = "<group>"; };
		2063C6E027148B0400F300A3 /* DataBaseLocationProtocol.swift */ = {isa = PBXFileReference; lastKnownFileType = sourcecode.swift; path = DataBaseLocationProtocol.swift; sourceTree = "<group>"; };
		2063C6E227148CAD00F300A3 /* RealmDataBase.swift */ = {isa = PBXFileReference; lastKnownFileType = sourcecode.swift; path = RealmDataBase.swift; sourceTree = "<group>"; };
		20943C0D270DE6EC003AA81A /* map-style.json */ = {isa = PBXFileReference; fileEncoding = 4; lastKnownFileType = text.json; path = "map-style.json"; sourceTree = SOURCE_ROOT; };
		20999FF1271D814B008CEE3C /* RegistrationViewController.swift */ = {isa = PBXFileReference; lastKnownFileType = sourcecode.swift; path = RegistrationViewController.swift; sourceTree = "<group>"; };
		20999FF327215CC8008CEE3C /* UIViev+blure.swift */ = {isa = PBXFileReference; lastKnownFileType = sourcecode.swift; path = "UIViev+blure.swift"; sourceTree = "<group>"; };
		20999FF52722B971008CEE3C /* LocationManager.swift */ = {isa = PBXFileReference; lastKnownFileType = sourcecode.swift; path = LocationManager.swift; sourceTree = "<group>"; };
		20E80A6A270DCF9C002ACBBD /* Maps.app */ = {isa = PBXFileReference; explicitFileType = wrapper.application; includeInIndex = 0; path = Maps.app; sourceTree = BUILT_PRODUCTS_DIR; };
		20E80A6D270DCF9C002ACBBD /* AppDelegate.swift */ = {isa = PBXFileReference; lastKnownFileType = sourcecode.swift; path = AppDelegate.swift; sourceTree = "<group>"; };
		20E80A6F270DCF9C002ACBBD /* SceneDelegate.swift */ = {isa = PBXFileReference; lastKnownFileType = sourcecode.swift; path = SceneDelegate.swift; sourceTree = "<group>"; };
		20E80A71270DCF9C002ACBBD /* MapViewController.swift */ = {isa = PBXFileReference; lastKnownFileType = sourcecode.swift; path = MapViewController.swift; sourceTree = "<group>"; };
		20E80A74270DCF9C002ACBBD /* Base */ = {isa = PBXFileReference; lastKnownFileType = file.storyboard; name = Base; path = Base.lproj/Main.storyboard; sourceTree = "<group>"; };
		20E80A76270DCF9C002ACBBD /* Assets.xcassets */ = {isa = PBXFileReference; lastKnownFileType = folder.assetcatalog; path = Assets.xcassets; sourceTree = "<group>"; };
		20E80A79270DCF9C002ACBBD /* Base */ = {isa = PBXFileReference; lastKnownFileType = file.storyboard; name = Base; path = Base.lproj/LaunchScreen.storyboard; sourceTree = "<group>"; };
		20E80A7B270DCF9C002ACBBD /* Info.plist */ = {isa = PBXFileReference; lastKnownFileType = text.plist.xml; path = Info.plist; sourceTree = "<group>"; };
		20ED4627271C0AD7002AF2B0 /* AppCoordinator.swift */ = {isa = PBXFileReference; lastKnownFileType = sourcecode.swift; path = AppCoordinator.swift; sourceTree = "<group>"; };
		20ED4629271C0B00002AF2B0 /* MainCoordinator.swift */ = {isa = PBXFileReference; lastKnownFileType = sourcecode.swift; path = MainCoordinator.swift; sourceTree = "<group>"; };
		20ED462B271C0B47002AF2B0 /* AuthCoordinator.swift */ = {isa = PBXFileReference; lastKnownFileType = sourcecode.swift; path = AuthCoordinator.swift; sourceTree = "<group>"; };
		20ED462D271C435E002AF2B0 /* UserObjectRealm.swift */ = {isa = PBXFileReference; lastKnownFileType = sourcecode.swift; path = UserObjectRealm.swift; sourceTree = "<group>"; };
		20ED462F271C442D002AF2B0 /* DataBaseAuthProtocol.swift */ = {isa = PBXFileReference; lastKnownFileType = sourcecode.swift; path = DataBaseAuthProtocol.swift; sourceTree = "<group>"; };
		20ED4631271C4465002AF2B0 /* User.swift */ = {isa = PBXFileReference; lastKnownFileType = sourcecode.swift; path = User.swift; sourceTree = "<group>"; };
		20F1E8AC27255E0D006CB83A /* OSLogger.swift */ = {isa = PBXFileReference; lastKnownFileType = sourcecode.swift; path = OSLogger.swift; sourceTree = "<group>"; };
		54A50B6FC7EF002CADDC026C /* Pods-Maps.release.xcconfig */ = {isa = PBXFileReference; includeInIndex = 1; lastKnownFileType = text.xcconfig; name = "Pods-Maps.release.xcconfig"; path = "Target Support Files/Pods-Maps/Pods-Maps.release.xcconfig"; sourceTree = "<group>"; };
		8306AE79BA9BA905CF760B39 /* Pods_Maps.framework */ = {isa = PBXFileReference; explicitFileType = wrapper.framework; includeInIndex = 0; path = Pods_Maps.framework; sourceTree = BUILT_PRODUCTS_DIR; };
/* End PBXFileReference section */

/* Begin PBXFrameworksBuildPhase section */
		20E80A67270DCF9C002ACBBD /* Frameworks */ = {
			isa = PBXFrameworksBuildPhase;
			buildActionMask = 2147483647;
			files = (
				17FDE0A95C8E365B6BF2F33E /* Pods_Maps.framework in Frameworks */,
			);
			runOnlyForDeploymentPostprocessing = 0;
		};
/* End PBXFrameworksBuildPhase section */

/* Begin PBXGroup section */
		2041021F271C03C200254AB8 /* Core */ = {
			isa = PBXGroup;
			children = (
				20410220271C03FA00254AB8 /* BaseRouter.swift */,
				20410222271C045400254AB8 /* UIWindow+keyWindow.swift */,
				20410224271C048500254AB8 /* BaseCoordinator.swift */,
				20410233271C063900254AB8 /* UIStoryboard+Instantiate.swift */,
				20999FF327215CC8008CEE3C /* UIViev+blure.swift */,
				20F1E8AC27255E0D006CB83A /* OSLogger.swift */,
			);
			path = Core;
			sourceTree = "<group>";
		};
		20410226271C04A300254AB8 /* Flows */ = {
			isa = PBXGroup;
			children = (
				20410228271C04C800254AB8 /* Main */,
				20410227271C04B700254AB8 /* Auth */,
			);
			path = Flows;
			sourceTree = "<group>";
		};
		20410227271C04B700254AB8 /* Auth */ = {
			isa = PBXGroup;
			children = (
				2041022F271C05E200254AB8 /* Auth.storyboard */,
				20410231271C05F500254AB8 /* AuthViewController.swift */,
				20410235271C068600254AB8 /* RecoverViewController.swift */,
				20ED462B271C0B47002AF2B0 /* AuthCoordinator.swift */,
				20999FF1271D814B008CEE3C /* RegistrationViewController.swift */,
			);
			path = Auth;
			sourceTree = "<group>";
		};
		20410228271C04C800254AB8 /* Main */ = {
			isa = PBXGroup;
			children = (
				20E80A73270DCF9C002ACBBD /* Main.storyboard */,
				20E80A71270DCF9C002ACBBD /* MapViewController.swift */,
				20410229271C050B00254AB8 /* MenuViewController.swift */,
				20ED4629271C0B00002AF2B0 /* MainCoordinator.swift */,
			);
			path = Main;
			sourceTree = "<group>";
		};
		2063C6DC27148A1500F300A3 /* DataBase */ = {
			isa = PBXGroup;
			children = (
				2063C6DD27148A2100F300A3 /* Realm */,
				2063C6E027148B0400F300A3 /* DataBaseLocationProtocol.swift */,
				20ED462F271C442D002AF2B0 /* DataBaseAuthProtocol.swift */,
				20ED4631271C4465002AF2B0 /* User.swift */,
			);
			path = DataBase;
			sourceTree = "<group>";
		};
		2063C6DD27148A2100F300A3 /* Realm */ = {
			isa = PBXGroup;
			children = (
				2063C6E227148CAD00F300A3 /* RealmDataBase.swift */,
				2063C6DE27148A5700F300A3 /* LocationDataObjectRealm.swift */,
				20ED462D271C435E002AF2B0 /* UserObjectRealm.swift */,
			);
			path = Realm;
			sourceTree = "<group>";
		};
		20E80A61270DCF9C002ACBBD = {
			isa = PBXGroup;
			children = (
				20E80A6C270DCF9C002ACBBD /* Maps */,
				20E80A6B270DCF9C002ACBBD /* Products */,
				8C368560DAF52601A316B8B8 /* Pods */,
				8976BA3733823767B9B4094B /* Frameworks */,
			);
			sourceTree = "<group>";
		};
		20E80A6B270DCF9C002ACBBD /* Products */ = {
			isa = PBXGroup;
			children = (
				20E80A6A270DCF9C002ACBBD /* Maps.app */,
			);
			name = Products;
			sourceTree = "<group>";
		};
		20E80A6C270DCF9C002ACBBD /* Maps */ = {
			isa = PBXGroup;
			children = (
				2041021F271C03C200254AB8 /* Core */,
				2063C6DC27148A1500F300A3 /* DataBase */,
				20410226271C04A300254AB8 /* Flows */,
				20E80A6D270DCF9C002ACBBD /* AppDelegate.swift */,
				20E80A6F270DCF9C002ACBBD /* SceneDelegate.swift */,
				20E80A76270DCF9C002ACBBD /* Assets.xcassets */,
				20E80A78270DCF9C002ACBBD /* LaunchScreen.storyboard */,
				20E80A7B270DCF9C002ACBBD /* Info.plist */,
				20943C0D270DE6EC003AA81A /* map-style.json */,
				2041022B271C053C00254AB8 /* UserManager.swift */,
				20ED4627271C0AD7002AF2B0 /* AppCoordinator.swift */,
				20999FF52722B971008CEE3C /* LocationManager.swift */,
			);
			path = Maps;
			sourceTree = "<group>";
		};
		8976BA3733823767B9B4094B /* Frameworks */ = {
			isa = PBXGroup;
			children = (
				8306AE79BA9BA905CF760B39 /* Pods_Maps.framework */,
			);
			name = Frameworks;
			sourceTree = "<group>";
		};
		8C368560DAF52601A316B8B8 /* Pods */ = {
			isa = PBXGroup;
			children = (
				12B74A8A4FD075E854965C8E /* Pods-Maps.debug.xcconfig */,
				54A50B6FC7EF002CADDC026C /* Pods-Maps.release.xcconfig */,
			);
			path = Pods;
			sourceTree = "<group>";
		};
/* End PBXGroup section */

/* Begin PBXNativeTarget section */
		20E80A69270DCF9C002ACBBD /* Maps */ = {
			isa = PBXNativeTarget;
			buildConfigurationList = 20E80A7E270DCF9C002ACBBD /* Build configuration list for PBXNativeTarget "Maps" */;
			buildPhases = (
				C3FF8F1884C48C303E9EDE63 /* [CP] Check Pods Manifest.lock */,
				20E80A66270DCF9C002ACBBD /* Sources */,
				20E80A67270DCF9C002ACBBD /* Frameworks */,
				20E80A68270DCF9C002ACBBD /* Resources */,
				6944C668FA3B94F21BEF7141 /* [CP] Copy Pods Resources */,
				E26CB61D66AF2E0C82AD954F /* [CP] Embed Pods Frameworks */,
			);
			buildRules = (
			);
			dependencies = (
			);
			name = Maps;
			productName = Maps;
			productReference = 20E80A6A270DCF9C002ACBBD /* Maps.app */;
			productType = "com.apple.product-type.application";
		};
/* End PBXNativeTarget section */

/* Begin PBXProject section */
		20E80A62270DCF9C002ACBBD /* Project object */ = {
			isa = PBXProject;
			attributes = {
				BuildIndependentTargetsInParallel = 1;
				LastSwiftUpdateCheck = 1300;
				LastUpgradeCheck = 1300;
				TargetAttributes = {
					20E80A69270DCF9C002ACBBD = {
						CreatedOnToolsVersion = 13.0;
					};
				};
			};
			buildConfigurationList = 20E80A65270DCF9C002ACBBD /* Build configuration list for PBXProject "Maps" */;
			compatibilityVersion = "Xcode 13.0";
			developmentRegion = en;
			hasScannedForEncodings = 0;
			knownRegions = (
				en,
				Base,
			);
			mainGroup = 20E80A61270DCF9C002ACBBD;
			productRefGroup = 20E80A6B270DCF9C002ACBBD /* Products */;
			projectDirPath = "";
			projectRoot = "";
			targets = (
				20E80A69270DCF9C002ACBBD /* Maps */,
			);
		};
/* End PBXProject section */

/* Begin PBXResourcesBuildPhase section */
		20E80A68270DCF9C002ACBBD /* Resources */ = {
			isa = PBXResourcesBuildPhase;
			buildActionMask = 2147483647;
			files = (
				20E80A7A270DCF9C002ACBBD /* LaunchScreen.storyboard in Resources */,
				20E80A77270DCF9C002ACBBD /* Assets.xcassets in Resources */,
				20410230271C05E200254AB8 /* Auth.storyboard in Resources */,
				20943C0E270DE6EC003AA81A /* map-style.json in Resources */,
				20E80A75270DCF9C002ACBBD /* Main.storyboard in Resources */,
			);
			runOnlyForDeploymentPostprocessing = 0;
		};
/* End PBXResourcesBuildPhase section */

/* Begin PBXShellScriptBuildPhase section */
		6944C668FA3B94F21BEF7141 /* [CP] Copy Pods Resources */ = {
			isa = PBXShellScriptBuildPhase;
			buildActionMask = 2147483647;
			files = (
			);
			inputFileListPaths = (
				"${PODS_ROOT}/Target Support Files/Pods-Maps/Pods-Maps-resources-${CONFIGURATION}-input-files.xcfilelist",
			);
			name = "[CP] Copy Pods Resources";
			outputFileListPaths = (
				"${PODS_ROOT}/Target Support Files/Pods-Maps/Pods-Maps-resources-${CONFIGURATION}-output-files.xcfilelist",
			);
			runOnlyForDeploymentPostprocessing = 0;
			shellPath = /bin/sh;
			shellScript = "\"${PODS_ROOT}/Target Support Files/Pods-Maps/Pods-Maps-resources.sh\"\n";
			showEnvVarsInLog = 0;
		};
		C3FF8F1884C48C303E9EDE63 /* [CP] Check Pods Manifest.lock */ = {
			isa = PBXShellScriptBuildPhase;
			buildActionMask = 2147483647;
			files = (
			);
			inputFileListPaths = (
			);
			inputPaths = (
				"${PODS_PODFILE_DIR_PATH}/Podfile.lock",
				"${PODS_ROOT}/Manifest.lock",
			);
			name = "[CP] Check Pods Manifest.lock";
			outputFileListPaths = (
			);
			outputPaths = (
				"$(DERIVED_FILE_DIR)/Pods-Maps-checkManifestLockResult.txt",
			);
			runOnlyForDeploymentPostprocessing = 0;
			shellPath = /bin/sh;
			shellScript = "diff \"${PODS_PODFILE_DIR_PATH}/Podfile.lock\" \"${PODS_ROOT}/Manifest.lock\" > /dev/null\nif [ $? != 0 ] ; then\n    # print error to STDERR\n    echo \"error: The sandbox is not in sync with the Podfile.lock. Run 'pod install' or update your CocoaPods installation.\" >&2\n    exit 1\nfi\n# This output is used by Xcode 'outputs' to avoid re-running this script phase.\necho \"SUCCESS\" > \"${SCRIPT_OUTPUT_FILE_0}\"\n";
			showEnvVarsInLog = 0;
		};
		E26CB61D66AF2E0C82AD954F /* [CP] Embed Pods Frameworks */ = {
			isa = PBXShellScriptBuildPhase;
			buildActionMask = 2147483647;
			files = (
			);
			inputFileListPaths = (
				"${PODS_ROOT}/Target Support Files/Pods-Maps/Pods-Maps-frameworks-${CONFIGURATION}-input-files.xcfilelist",
			);
			name = "[CP] Embed Pods Frameworks";
			outputFileListPaths = (
				"${PODS_ROOT}/Target Support Files/Pods-Maps/Pods-Maps-frameworks-${CONFIGURATION}-output-files.xcfilelist",
			);
			runOnlyForDeploymentPostprocessing = 0;
			shellPath = /bin/sh;
			shellScript = "\"${PODS_ROOT}/Target Support Files/Pods-Maps/Pods-Maps-frameworks.sh\"\n";
			showEnvVarsInLog = 0;
		};
/* End PBXShellScriptBuildPhase section */

/* Begin PBXSourcesBuildPhase section */
		20E80A66270DCF9C002ACBBD /* Sources */ = {
			isa = PBXSourcesBuildPhase;
			buildActionMask = 2147483647;
			files = (
				20E80A72270DCF9C002ACBBD /* MapViewController.swift in Sources */,
				20410234271C063900254AB8 /* UIStoryboard+Instantiate.swift in Sources */,
				2041022A271C050B00254AB8 /* MenuViewController.swift in Sources */,
				20410236271C068600254AB8 /* RecoverViewController.swift in Sources */,
				20ED462C271C0B47002AF2B0 /* AuthCoordinator.swift in Sources */,
				20410225271C048500254AB8 /* BaseCoordinator.swift in Sources */,
				20999FF427215CC8008CEE3C /* UIViev+blure.swift in Sources */,
				20999FF62722B971008CEE3C /* LocationManager.swift in Sources */,
				20E80A6E270DCF9C002ACBBD /* AppDelegate.swift in Sources */,
				20ED462E271C435E002AF2B0 /* UserObjectRealm.swift in Sources */,
				20ED4632271C4465002AF2B0 /* User.swift in Sources */,
				20410232271C05F500254AB8 /* AuthViewController.swift in Sources */,
				20410221271C03FA00254AB8 /* BaseRouter.swift in Sources */,
				20ED4630271C442D002AF2B0 /* DataBaseAuthProtocol.swift in Sources */,
				2063C6E327148CAD00F300A3 /* RealmDataBase.swift in Sources */,
				20ED462A271C0B00002AF2B0 /* MainCoordinator.swift in Sources */,
				2063C6E127148B0400F300A3 /* DataBaseLocationProtocol.swift in Sources */,
				20410223271C045400254AB8 /* UIWindow+keyWindow.swift in Sources */,
				20E80A70270DCF9C002ACBBD /* SceneDelegate.swift in Sources */,
				20F1E8AD27255E0D006CB83A /* OSLogger.swift in Sources */,
				20ED4628271C0AD7002AF2B0 /* AppCoordinator.swift in Sources */,
				20999FF2271D814B008CEE3C /* RegistrationViewController.swift in Sources */,
				2041022C271C053C00254AB8 /* UserManager.swift in Sources */,
				2063C6DF27148A5700F300A3 /* LocationDataObjectRealm.swift in Sources */,
			);
			runOnlyForDeploymentPostprocessing = 0;
		};
/* End PBXSourcesBuildPhase section */

/* Begin PBXVariantGroup section */
		20E80A73270DCF9C002ACBBD /* Main.storyboard */ = {
			isa = PBXVariantGroup;
			children = (
				20E80A74270DCF9C002ACBBD /* Base */,
			);
			name = Main.storyboard;
			sourceTree = "<group>";
		};
		20E80A78270DCF9C002ACBBD /* LaunchScreen.storyboard */ = {
			isa = PBXVariantGroup;
			children = (
				20E80A79270DCF9C002ACBBD /* Base */,
			);
			name = LaunchScreen.storyboard;
			sourceTree = "<group>";
		};
/* End PBXVariantGroup section */

/* Begin XCBuildConfiguration section */
		20E80A7C270DCF9C002ACBBD /* Debug */ = {
			isa = XCBuildConfiguration;
			buildSettings = {
				ALWAYS_SEARCH_USER_PATHS = NO;
				CLANG_ANALYZER_NONNULL = YES;
				CLANG_ANALYZER_NUMBER_OBJECT_CONVERSION = YES_AGGRESSIVE;
				CLANG_CXX_LANGUAGE_STANDARD = "gnu++17";
				CLANG_CXX_LIBRARY = "libc++";
				CLANG_ENABLE_MODULES = YES;
				CLANG_ENABLE_OBJC_ARC = YES;
				CLANG_ENABLE_OBJC_WEAK = YES;
				CLANG_WARN_BLOCK_CAPTURE_AUTORELEASING = YES;
				CLANG_WARN_BOOL_CONVERSION = YES;
				CLANG_WARN_COMMA = YES;
				CLANG_WARN_CONSTANT_CONVERSION = YES;
				CLANG_WARN_DEPRECATED_OBJC_IMPLEMENTATIONS = YES;
				CLANG_WARN_DIRECT_OBJC_ISA_USAGE = YES_ERROR;
				CLANG_WARN_DOCUMENTATION_COMMENTS = YES;
				CLANG_WARN_EMPTY_BODY = YES;
				CLANG_WARN_ENUM_CONVERSION = YES;
				CLANG_WARN_INFINITE_RECURSION = YES;
				CLANG_WARN_INT_CONVERSION = YES;
				CLANG_WARN_NON_LITERAL_NULL_CONVERSION = YES;
				CLANG_WARN_OBJC_IMPLICIT_RETAIN_SELF = YES;
				CLANG_WARN_OBJC_LITERAL_CONVERSION = YES;
				CLANG_WARN_OBJC_ROOT_CLASS = YES_ERROR;
				CLANG_WARN_QUOTED_INCLUDE_IN_FRAMEWORK_HEADER = YES;
				CLANG_WARN_RANGE_LOOP_ANALYSIS = YES;
				CLANG_WARN_STRICT_PROTOTYPES = YES;
				CLANG_WARN_SUSPICIOUS_MOVE = YES;
				CLANG_WARN_UNGUARDED_AVAILABILITY = YES_AGGRESSIVE;
				CLANG_WARN_UNREACHABLE_CODE = YES;
				CLANG_WARN__DUPLICATE_METHOD_MATCH = YES;
				COPY_PHASE_STRIP = NO;
				DEBUG_INFORMATION_FORMAT = dwarf;
				ENABLE_STRICT_OBJC_MSGSEND = YES;
				ENABLE_TESTABILITY = YES;
				GCC_C_LANGUAGE_STANDARD = gnu11;
				GCC_DYNAMIC_NO_PIC = NO;
				GCC_NO_COMMON_BLOCKS = YES;
				GCC_OPTIMIZATION_LEVEL = 0;
				GCC_PREPROCESSOR_DEFINITIONS = (
					"DEBUG=1",
					"$(inherited)",
				);
				GCC_WARN_64_TO_32_BIT_CONVERSION = YES;
				GCC_WARN_ABOUT_RETURN_TYPE = YES_ERROR;
				GCC_WARN_UNDECLARED_SELECTOR = YES;
				GCC_WARN_UNINITIALIZED_AUTOS = YES_AGGRESSIVE;
				GCC_WARN_UNUSED_FUNCTION = YES;
				GCC_WARN_UNUSED_VARIABLE = YES;
				IPHONEOS_DEPLOYMENT_TARGET = 15.0;
				MTL_ENABLE_DEBUG_INFO = INCLUDE_SOURCE;
				MTL_FAST_MATH = YES;
				ONLY_ACTIVE_ARCH = YES;
				SDKROOT = iphoneos;
				SWIFT_ACTIVE_COMPILATION_CONDITIONS = DEBUG;
				SWIFT_OPTIMIZATION_LEVEL = "-Onone";
			};
			name = Debug;
		};
		20E80A7D270DCF9C002ACBBD /* Release */ = {
			isa = XCBuildConfiguration;
			buildSettings = {
				ALWAYS_SEARCH_USER_PATHS = NO;
				CLANG_ANALYZER_NONNULL = YES;
				CLANG_ANALYZER_NUMBER_OBJECT_CONVERSION = YES_AGGRESSIVE;
				CLANG_CXX_LANGUAGE_STANDARD = "gnu++17";
				CLANG_CXX_LIBRARY = "libc++";
				CLANG_ENABLE_MODULES = YES;
				CLANG_ENABLE_OBJC_ARC = YES;
				CLANG_ENABLE_OBJC_WEAK = YES;
				CLANG_WARN_BLOCK_CAPTURE_AUTORELEASING = YES;
				CLANG_WARN_BOOL_CONVERSION = YES;
				CLANG_WARN_COMMA = YES;
				CLANG_WARN_CONSTANT_CONVERSION = YES;
				CLANG_WARN_DEPRECATED_OBJC_IMPLEMENTATIONS = YES;
				CLANG_WARN_DIRECT_OBJC_ISA_USAGE = YES_ERROR;
				CLANG_WARN_DOCUMENTATION_COMMENTS = YES;
				CLANG_WARN_EMPTY_BODY = YES;
				CLANG_WARN_ENUM_CONVERSION = YES;
				CLANG_WARN_INFINITE_RECURSION = YES;
				CLANG_WARN_INT_CONVERSION = YES;
				CLANG_WARN_NON_LITERAL_NULL_CONVERSION = YES;
				CLANG_WARN_OBJC_IMPLICIT_RETAIN_SELF = YES;
				CLANG_WARN_OBJC_LITERAL_CONVERSION = YES;
				CLANG_WARN_OBJC_ROOT_CLASS = YES_ERROR;
				CLANG_WARN_QUOTED_INCLUDE_IN_FRAMEWORK_HEADER = YES;
				CLANG_WARN_RANGE_LOOP_ANALYSIS = YES;
				CLANG_WARN_STRICT_PROTOTYPES = YES;
				CLANG_WARN_SUSPICIOUS_MOVE = YES;
				CLANG_WARN_UNGUARDED_AVAILABILITY = YES_AGGRESSIVE;
				CLANG_WARN_UNREACHABLE_CODE = YES;
				CLANG_WARN__DUPLICATE_METHOD_MATCH = YES;
				COPY_PHASE_STRIP = NO;
				DEBUG_INFORMATION_FORMAT = "dwarf-with-dsym";
				ENABLE_NS_ASSERTIONS = NO;
				ENABLE_STRICT_OBJC_MSGSEND = YES;
				GCC_C_LANGUAGE_STANDARD = gnu11;
				GCC_NO_COMMON_BLOCKS = YES;
				GCC_WARN_64_TO_32_BIT_CONVERSION = YES;
				GCC_WARN_ABOUT_RETURN_TYPE = YES_ERROR;
				GCC_WARN_UNDECLARED_SELECTOR = YES;
				GCC_WARN_UNINITIALIZED_AUTOS = YES_AGGRESSIVE;
				GCC_WARN_UNUSED_FUNCTION = YES;
				GCC_WARN_UNUSED_VARIABLE = YES;
				IPHONEOS_DEPLOYMENT_TARGET = 15.0;
				MTL_ENABLE_DEBUG_INFO = NO;
				MTL_FAST_MATH = YES;
				ONLY_ACTIVE_ARCH = YES;
				SDKROOT = iphoneos;
				SWIFT_COMPILATION_MODE = wholemodule;
				SWIFT_OPTIMIZATION_LEVEL = "-O";
				VALIDATE_PRODUCT = YES;
			};
			name = Release;
		};
		20E80A7F270DCF9C002ACBBD /* Debug */ = {
			isa = XCBuildConfiguration;
			baseConfigurationReference = 12B74A8A4FD075E854965C8E /* Pods-Maps.debug.xcconfig */;
			buildSettings = {
				ASSETCATALOG_COMPILER_APPICON_NAME = AppIcon;
				ASSETCATALOG_COMPILER_GLOBAL_ACCENT_COLOR_NAME = AccentColor;
				CODE_SIGN_STYLE = Automatic;
				CURRENT_PROJECT_VERSION = 1;
				DEVELOPMENT_TEAM = ZMX77LFT7B;
				GENERATE_INFOPLIST_FILE = YES;
				INFOPLIST_FILE = Maps/Info.plist;
				INFOPLIST_KEY_NSLocationWhenInUseUsageDescription = "To watch you locations";
				INFOPLIST_KEY_UIApplicationSupportsIndirectInputEvents = YES;
				INFOPLIST_KEY_UILaunchStoryboardName = LaunchScreen;
				INFOPLIST_KEY_UIMainStoryboardFile = Main;
				INFOPLIST_KEY_UISupportedInterfaceOrientations_iPad = "UIInterfaceOrientationPortrait UIInterfaceOrientationPortraitUpsideDown UIInterfaceOrientationLandscapeLeft UIInterfaceOrientationLandscapeRight";
				INFOPLIST_KEY_UISupportedInterfaceOrientations_iPhone = "UIInterfaceOrientationPortrait UIInterfaceOrientationLandscapeLeft UIInterfaceOrientationLandscapeRight";
				LD_RUNPATH_SEARCH_PATHS = (
					"$(inherited)",
					"@executable_path/Frameworks",
				);
				MARKETING_VERSION = 1.0;
				PRODUCT_BUNDLE_IDENTIFIER = ru.koloma2.Maps;
				PRODUCT_NAME = "$(TARGET_NAME)";
				SWIFT_EMIT_LOC_STRINGS = YES;
				SWIFT_VERSION = 5.0;
				TARGETED_DEVICE_FAMILY = "1,2";
			};
			name = Debug;
		};
		20E80A80270DCF9C002ACBBD /* Release */ = {
			isa = XCBuildConfiguration;
			baseConfigurationReference = 54A50B6FC7EF002CADDC026C /* Pods-Maps.release.xcconfig */;
			buildSettings = {
				ASSETCATALOG_COMPILER_APPICON_NAME = AppIcon;
				ASSETCATALOG_COMPILER_GLOBAL_ACCENT_COLOR_NAME = AccentColor;
				CODE_SIGN_STYLE = Automatic;
				CURRENT_PROJECT_VERSION = 1;
				DEVELOPMENT_TEAM = ZMX77LFT7B;
				GENERATE_INFOPLIST_FILE = YES;
				INFOPLIST_FILE = Maps/Info.plist;
				INFOPLIST_KEY_NSLocationWhenInUseUsageDescription = "To watch you locations";
				INFOPLIST_KEY_UIApplicationSupportsIndirectInputEvents = YES;
				INFOPLIST_KEY_UILaunchStoryboardName = LaunchScreen;
				INFOPLIST_KEY_UIMainStoryboardFile = Main;
				INFOPLIST_KEY_UISupportedInterfaceOrientations_iPad = "UIInterfaceOrientationPortrait UIInterfaceOrientationPortraitUpsideDown UIInterfaceOrientationLandscapeLeft UIInterfaceOrientationLandscapeRight";
				INFOPLIST_KEY_UISupportedInterfaceOrientations_iPhone = "UIInterfaceOrientationPortrait UIInterfaceOrientationLandscapeLeft UIInterfaceOrientationLandscapeRight";
				LD_RUNPATH_SEARCH_PATHS = (
					"$(inherited)",
					"@executable_path/Frameworks",
				);
				MARKETING_VERSION = 1.0;
				PRODUCT_BUNDLE_IDENTIFIER = ru.koloma2.Maps;
				PRODUCT_NAME = "$(TARGET_NAME)";
				SWIFT_EMIT_LOC_STRINGS = YES;
				SWIFT_VERSION = 5.0;
				TARGETED_DEVICE_FAMILY = "1,2";
			};
			name = Release;
		};
/* End XCBuildConfiguration section */

/* Begin XCConfigurationList section */
		20E80A65270DCF9C002ACBBD /* Build configuration list for PBXProject "Maps" */ = {
			isa = XCConfigurationList;
			buildConfigurations = (
				20E80A7C270DCF9C002ACBBD /* Debug */,
				20E80A7D270DCF9C002ACBBD /* Release */,
			);
			defaultConfigurationIsVisible = 0;
			defaultConfigurationName = Release;
		};
		20E80A7E270DCF9C002ACBBD /* Build configuration list for PBXNativeTarget "Maps" */ = {
			isa = XCConfigurationList;
			buildConfigurations = (
				20E80A7F270DCF9C002ACBBD /* Debug */,
				20E80A80270DCF9C002ACBBD /* Release */,
			);
			defaultConfigurationIsVisible = 0;
			defaultConfigurationName = Release;
		};
/* End XCConfigurationList section */
	};
	rootObject = 20E80A62270DCF9C002ACBBD /* Project object */;
}
